
Microsoft Visual Studio Solution File, Format Version 12.00
# Visual Studio Version 17
VisualStudioVersion = 17.0.31912.275
MinimumVisualStudioVersion = 10.0.40219.1
Project("{FAE04EC0-301F-11D3-BF4B-00C04F79EFBC}") = "Vackoz", "Vackoz\Vackoz.csproj", "{9BDA3469-D554-4357-BCB6-FDF2C9822426}"
EndProject
Global
	GlobalSection(SolutionConfigurationPlatforms) = preSolution
		Debug|Any CPU = Debug|Any CPU
		Release|Any CPU = Release|Any CPU
	EndGlobalSection
	GlobalSection(ProjectConfigurationPlatforms) = postSolution
		{9BDA3469-D554-4357-BCB6-FDF2C9822426}.Debug|Any CPU.ActiveCfg = Debug|Any CPU
		{9BDA3469-D554-4357-BCB6-FDF2C9822426}.Debug|Any CPU.Build.0 = Debug|Any CPU
		{9BDA3469-D554-4357-BCB6-FDF2C9822426}.Release|Any CPU.ActiveCfg = Release|Any CPU
		{9BDA3469-D554-4357-BCB6-FDF2C9822426}.Release|Any CPU.Build.0 = Release|Any CPU
	EndGlobalSection
	GlobalSection(SolutionProperties) = preSolution
		HideSolutionNode = FALSE
	EndGlobalSection
	GlobalSection(ExtensibilityGlobals) = postSolution
		SolutionGuid = {41AF6EC3-223E-4BD6-9922-C2D1E876B00D}
	EndGlobalSection
EndGlobal
